Microsoft Visual Studio Solution File, Format Version 12.00
# Visual Studio Version 17
VisualStudioVersion = 17.0.31912.202
MinimumVisualStudioVersion = 10.0.40219.1
Project("{FAE04EC0-301F-11D3-BF4B-00C04F79EFBC}") = "MWexample.Helper", "src\MWexample.Helper\MWexample.Helper.csproj", "{D1B4B2E5-1B1D-4C4C-8E3D-7D5D5C5B5B5B}"
EndProject
Project("{FAE04EC0-301F-11D3-BF4B-00C04F79EFBC}") = "MWexample.Wrapper", "src\MWexample.Wrapper\MWexample.Wrapper.csproj", "{E2C4C3E5-2B2D-4D4D-8E4D-8E5E5D5D5D5D}"
EndProject
Project("{FAE04EC0-301F-11D3-BF4B-00C04F79EFBC}") = "MWexample.Ashx", "src\MWexample.Ashx\MWexample.Ashx.csproj", "{F3D5D4E5-3B3E-4E4E-8F5D-9F6F6E6E6E6E}"
EndProject
Global
    GlobalSection(SolutionConfigurationPlatforms) = preSolution
        Debug|Any CPU = Debug|Any CPU
        Release|Any CPU = Release|Any CPU
    EndGlobalSection
    GlobalSection(ProjectConfigurationPlatforms) = postSolution
        {D1B4B2E5-1B1D-4C4C-8E3D-7D5D5C5B5B5}.Debug|Any CPU.ActiveCfg = Debug|Any CPU
        {D1B4B2E5-1B1D-4C4C-8E3D-7D5D5C5B5B5}.Debug|Any CPU.Build.0 = Debug|Any CPU
        {D1B4B2E5-1B1D-4C4C-8E3D-7D5D5C5B5B5}.Release|Any CPU.ActiveCfg = Release|Any CPU
        {D1B4B2E5-1B1D-4C4C-8E3D-7D5D5C5B5B5}.Release|Any CPU.Build.0 = Release|Any CPU
        {E2C4C3E5-2B2D-4D4D-8E4D-8E5E5D5D5D5D}.Debug|Any CPU.ActiveCfg = Debug|Any CPU
        {E2C4C3E5-2B2D-4D4D-8E4D-8E5E5D5D5D5D}.Debug|Any CPU.Build.0 = Debug|Any CPU
        {E2C4C3E5-2B2D-4D4D-8E4D-8E5E5D5D5D5D}.Release|Any CPU.ActiveCfg = Release|Any CPU
        {E2C4C3E5-2B2D-4D4D-8E4D-8E5E5D5D5D5D}.Release|Any CPU.Build.0 = Release|Any CPU
        {F3D5D4E5-3B3E-4E4E-8F5D-9F6F6E6E6E6E}.Debug|Any CPU.ActiveCfg = Debug|Any CPU
        {F3D5D4E5-3B3E-4E4E-8F5D-9F6F6E6E6E6E}.Debug|Any CPU.Build.0 = Debug|Any CPU
        {F3D5D4E5-3B3E-4E4E-8F5D-9F6F6E6E6E6E}.Release|Any CPU.ActiveCfg = Release|Any CPU
        {F3D5D4E5-3B3E-4E4E-8F5D-9F6F6E6E6E6E}.Release|Any CPU.Build.0 = Release|Any CPU
    EndGlobalSection
EndGlobal